
Microsoft Visual Studio Solution File, Format Version 12.00
# Visual Studio Version 17
VisualStudioVersion = 17.3.32922.545
MinimumVisualStudioVersion = 10.0.40219.1
Project("{FAE04EC0-301F-11D3-BF4B-00C04F79EFBC}") = "Aula_1_Csharp", "Aula_1_Csharp\Aula_1_Csharp.csproj", "{184E6B2D-F954-4025-9119-86E364E76C02}"
EndProject
Global
	GlobalSection(SolutionConfigurationPlatforms) = preSolution
		Debug|Any CPU = Debug|Any CPU
		Release|Any CPU = Release|Any CPU
	EndGlobalSection
	GlobalSection(ProjectConfigurationPlatforms) = postSolution
		{184E6B2D-F954-4025-9119-86E364E76C02}.Debug|Any CPU.ActiveCfg = Debug|Any CPU
		{184E6B2D-F954-4025-9119-86E364E76C02}.Debug|Any CPU.Build.0 = Debug|Any CPU
		{184E6B2D-F954-4025-9119-86E364E76C02}.Release|Any CPU.ActiveCfg = Release|Any CPU
		{184E6B2D-F954-4025-9119-86E364E76C02}.Release|Any CPU.Build.0 = Release|Any CPU
	EndGlobalSection
	GlobalSection(SolutionProperties) = preSolution
		HideSolutionNode = FALSE
	EndGlobalSection
	GlobalSection(ExtensibilityGlobals) = postSolution
		SolutionGuid = {A6F92B91-332A-4C52-92E0-71A52F48594F}
	EndGlobalSection
EndGlobal
